
Microsoft Visual Studio Solution File, Format Version 12.00
# Visual Studio Version 16
VisualStudioVersion = 16.0.29230.47
MinimumVisualStudioVersion = 10.0.40219.1
Project("{FAE04EC0-301F-11D3-BF4B-00C04F79EFBC}") = "PeriodSystemWordCheck", "PeriodSystemWordCheck\PeriodSystemWordCheck.csproj", "{A2292FF6-AF20-4914-9AC1-9C2F60FD9C4A}"
EndProject
Project("{FAE04EC0-301F-11D3-BF4B-00C04F79EFBC}") = "PSE with PictureCombine", "PSE with PictureCombine\PSE with PictureCombine.csproj", "{756F41DC-B8EB-4499-88EB-52B9B30937B7}"
EndProject
Global
	GlobalSection(SolutionConfigurationPlatforms) = preSolution
		Debug|Any CPU = Debug|Any CPU
		Release|Any CPU = Release|Any CPU
	EndGlobalSection
	GlobalSection(ProjectConfigurationPlatforms) = postSolution
		{A2292FF6-AF20-4914-9AC1-9C2F60FD9C4A}.Debug|Any CPU.ActiveCfg = Debug|Any CPU
		{A2292FF6-AF20-4914-9AC1-9C2F60FD9C4A}.Debug|Any CPU.Build.0 = Debug|Any CPU
		{A2292FF6-AF20-4914-9AC1-9C2F60FD9C4A}.Release|Any CPU.ActiveCfg = Release|Any CPU
		{A2292FF6-AF20-4914-9AC1-9C2F60FD9C4A}.Release|Any CPU.Build.0 = Release|Any CPU
		{756F41DC-B8EB-4499-88EB-52B9B30937B7}.Debug|Any CPU.ActiveCfg = Debug|Any CPU
		{756F41DC-B8EB-4499-88EB-52B9B30937B7}.Debug|Any CPU.Build.0 = Debug|Any CPU
		{756F41DC-B8EB-4499-88EB-52B9B30937B7}.Release|Any CPU.ActiveCfg = Release|Any CPU
		{756F41DC-B8EB-4499-88EB-52B9B30937B7}.Release|Any CPU.Build.0 = Release|Any CPU
	EndGlobalSection
	GlobalSection(SolutionProperties) = preSolution
		HideSolutionNode = FALSE
	EndGlobalSection
	GlobalSection(ExtensibilityGlobals) = postSolution
		SolutionGuid = {276BDEB6-6881-4BA8-9E35-7E65D994468E}
	EndGlobalSection
EndGlobal
